<?xml version="1.0" encoding="utf-8"?>
<Project ToolsVersion="4.0" xmlns="http://schemas.microsoft.com/developer/msbuild/2003">
  <ItemGroup>
    <Filter Include="src">
      <UniqueIdentifier>{f19775f0-e9da-498b-bd1e-c2d66cc98b1b}</UniqueIdentifier>
    </Filter>
    <Filter Include="third_party">
      <UniqueIdentifier>{f55ea6d6-883a-4de2-88b6-a92f650e8287}</UniqueIdentifier>
    </Filter>
    <Filter Include="third_party\minhook">
      <UniqueIdentifier>{92b9869d-fa64-4716-b5d1-5ec1b5645ab3}</UniqueIdentifier>
    </Filter>
    <Filter Include="src\tools">
      <UniqueIdentifier>{bf7d69d4-fc07-4a43-9667-5df00db2f895}</UniqueIdentifier>
    </Filter>
    <Filter Include="third_party\imgui">
      <UniqueIdentifier>{fe1acdac-8f26-43f5-8ecb-e68589928579}</UniqueIdentifier>
    </Filter>
    <Filter Include="third_party\imgui\backend">
      <UniqueIdentifier>{98b27907-36a8-4ee3-aef4-71b33d9ece10}</UniqueIdentifier>
    </Filter>
    <Filter Include="src\common">
      <UniqueIdentifier>{18a441bd-18fe-4b0f-99f3-9640919cecbc}</UniqueIdentifier>
    </Filter>
    <Filter Include="src\render_d3d11">
      <UniqueIdentifier>{f588b82f-36a5-45cc-9335-5b633a86de8f}</UniqueIdentifier>
    </Filter>
  </ItemGroup>
  <ItemGroup>
    <ClInclude Include="src\framework.h">
      <Filter>src</Filter>
    </ClInclude>
    <ClInclude Include="src\pch.h">
      <Filter>src</Filter>
    </ClInclude>
    <ClInclude Include="third_party\minhook\MinHook.h">
      <Filter>third_party\minhook</Filter>
    </ClInclude>
    <ClInclude Include="src\tools\hook.h">
      <Filter>src\tools</Filter>
    </ClInclude>
    <ClInclude Include="src\tools\module_management.h">
      <Filter>src\tools</Filter>
    </ClInclude>
    <ClInclude Include="src\tools\console.h">
      <Filter>src\tools</Filter>
    </ClInclude>
    <ClInclude Include="third_party\imgui\imconfig.h">
      <Filter>third_party\imgui</Filter>
    </ClInclude>
    <ClInclude Include="third_party\imgui\imgui.h">
      <Filter>third_party\imgui</Filter>
    </ClInclude>
    <ClInclude Include="third_party\imgui\imgui_internal.h">
      <Filter>third_party\imgui</Filter>
    </ClInclude>
    <ClInclude Include="third_party\imgui\imstb_rectpack.h">
      <Filter>third_party\imgui</Filter>
    </ClInclude>
    <ClInclude Include="third_party\imgui\imstb_textedit.h">
      <Filter>third_party\imgui</Filter>
    </ClInclude>
    <ClInclude Include="third_party\imgui\imstb_truetype.h">
      <Filter>third_party\imgui</Filter>
    </ClInclude>
    <ClInclude Include="third_party\imgui\backends\imgui_impl_dx11.h">
      <Filter>third_party\imgui\backend</Filter>
    </ClInclude>
    <ClInclude Include="third_party\imgui\backends\imgui_impl_win32.h">
      <Filter>third_party\imgui\backend</Filter>
    </ClInclude>
    <ClInclude Include="src\hooks.h">
      <Filter>src</Filter>
    </ClInclude>
    <ClInclude Include="src\common\offsets.h">
      <Filter>src\common</Filter>
    </ClInclude>
    <ClInclude Include="src\render_d3d11\render_d3d11.h">
      <Filter>src\render_d3d11</Filter>
    </ClInclude>
  </ItemGroup>
  <ItemGroup>
    <ClCompile Include="src\dllmain.cpp">
      <Filter>src</Filter>
    </ClCompile>
    <ClCompile Include="src\pch.cpp">
      <Filter>src</Filter>
    </ClCompile>
    <ClCompile Include="src\tools\hook.cpp">
      <Filter>src\tools</Filter>
    </ClCompile>
    <ClCompile Include="src\tools\module_management.cpp">
      <Filter>src\tools</Filter>
    </ClCompile>
    <ClCompile Include="src\tools\console.cpp">
      <Filter>src\tools</Filter>
    </ClCompile>
    <ClCompile Include="third_party\imgui\imgui.cpp">
      <Filter>third_party\imgui</Filter>
    </ClCompile>
    <ClCompile Include="third_party\imgui\imgui_demo.cpp">
      <Filter>third_party\imgui</Filter>
    </ClCompile>
    <ClCompile Include="third_party\imgui\imgui_draw.cpp">
      <Filter>third_party\imgui</Filter>
    </ClCompile>
    <ClCompile Include="third_party\imgui\imgui_tables.cpp">
      <Filter>third_party\imgui</Filter>
    </ClCompile>
    <ClCompile Include="third_party\imgui\imgui_widgets.cpp">
      <Filter>third_party\imgui</Filter>
    </ClCompile>
    <ClCompile Include="third_party\imgui\backends\imgui_impl_dx11.cpp">
      <Filter>third_party\imgui\backend</Filter>
    </ClCompile>
    <ClCompile Include="third_party\imgui\backends\imgui_impl_win32.cpp">
      <Filter>third_party\imgui\backend</Filter>
    </ClCompile>
    <ClCompile Include="src\hooks.cpp">
      <Filter>src</Filter>
    </ClCompile>
    <ClCompile Include="src\common\offsets.cpp">
      <Filter>src\common</Filter>
    </ClCompile>
    <ClCompile Include="src\render_d3d11\render_d3d11.cpp">
      <Filter>src\render_d3d11</Filter>
    </ClCompile>
  </ItemGroup>
</Project>